
Microsoft Visual Studio Solution File, Format Version 12.00
# Visual Studio Version 16
VisualStudioVersion = 16.0.30503.244
MinimumVisualStudioVersion = 10.0.40219.1
Project("{9A19103F-16F7-4668-BE54-9A1E7A4F7556}") = "AuthApp", "AuthApp\AuthApp.csproj", "{5D7A2FB5-6500-463B-AD98-E72E24FD6787}"
EndProject
Global
	GlobalSection(SolutionConfigurationPlatforms) = preSolution
		Debug|Any CPU = Debug|Any CPU
		Release|Any CPU = Release|Any CPU
	EndGlobalSection
	GlobalSection(ProjectConfigurationPlatforms) = postSolution
		{5D7A2FB5-6500-463B-AD98-E72E24FD6787}.Debug|Any CPU.ActiveCfg = Debug|Any CPU
		{5D7A2FB5-6500-463B-AD98-E72E24FD6787}.Debug|Any CPU.Build.0 = Debug|Any CPU
		{5D7A2FB5-6500-463B-AD98-E72E24FD6787}.Release|Any CPU.ActiveCfg = Release|Any CPU
		{5D7A2FB5-6500-463B-AD98-E72E24FD6787}.Release|Any CPU.Build.0 = Release|Any CPU
	EndGlobalSection
	GlobalSection(SolutionProperties) = preSolution
		HideSolutionNode = FALSE
	EndGlobalSection
	GlobalSection(ExtensibilityGlobals) = postSolution
		SolutionGuid = {ECA1A13F-84AB-47AA-9B8E-0F1DAA41FA9F}
	EndGlobalSection
EndGlobal
